
Microsoft Visual Studio Solution File, Format Version 12.00
# Visual Studio Version 16
VisualStudioVersion = 16.0.30804.86
MinimumVisualStudioVersion = 10.0.40219.1
Project("{2150E333-8FDC-42A3-9474-1A3956D46DE8}") = "__BuildAndDeploy", "__BuildAndDeploy", "{3D36916B-2367-4624-BDCF-864173796B30}"
	ProjectSection(SolutionItems) = preProject
		..\build-release-notes.ps1 = ..\build-release-notes.ps1
		..\.github\workflows\build.yml = ..\.github\workflows\build.yml
		..\Bump-Version.ps1 = ..\Bump-Version.ps1
		..\Create-Release.ps1 = ..\Create-Release.ps1
		..\Reset-WipReleaseNotes.ps1 = ..\Reset-WipReleaseNotes.ps1
		..\Set-Version.ps1 = ..\Set-Version.ps1
		..\version.txt = ..\version.txt
	EndProjectSection
EndProject
Project("{2150E333-8FDC-42A3-9474-1A3956D46DE8}") = "__Documentation", "__Documentation", "{61C05782-A253-4EDD-9463-04912EB73870}"
	ProjectSection(SolutionItems) = preProject
		..\release-notes\full-release-notes.md = ..\release-notes\full-release-notes.md
		..\LICENSE = ..\LICENSE
		..\README.md = ..\README.md
		..\release-notes\wip-release-notes.md = ..\release-notes\wip-release-notes.md
	EndProjectSection
EndProject
Global
	GlobalSection(SolutionProperties) = preSolution
		HideSolutionNode = FALSE
	EndGlobalSection
	GlobalSection(ExtensibilityGlobals) = postSolution
		SolutionGuid = {064958BE-42C5-4268-8132-49EF6D009D99}
	EndGlobalSection
EndGlobal
